// !$*UTF8*$!
{
	archiveVersion = 1;
	classes = {
	};
	objectVersion = 77;
	objects = {

/* Begin PBXBuildFile section */
		CFA9EC712CE6CDA600C867CD /* Sahha in Frameworks */ = {isa = PBXBuildFile; productRef = CFA9EC702CE6CDA600C867CD /* Sahha */; };
/* End PBXBuildFile section */

/* Begin PBXContainerItemProxy section */
		CFD5C11F2C9B63B90063F91D /* PBXContainerItemProxy */ = {
			isa = PBXContainerItemProxy;
			containerPortal = CFD5C1062C9B63B50063F91D /* Project object */;
			proxyType = 1;
			remoteGlobalIDString = CFD5C10D2C9B63B50063F91D;
			remoteInfo = NocOps;
		};
		CFD5C1292C9B63B90063F91D /* PBXContainerItemProxy */ = {
			isa = PBXContainerItemProxy;
			containerPortal = CFD5C1062C9B63B50063F91D /* Project object */;
			proxyType = 1;
			remoteGlobalIDString = CFD5C10D2C9B63B50063F91D;
			remoteInfo = NocOps;
		};
/* End PBXContainerItemProxy section */

/* Begin PBXFileReference section */
		CFD5C10E2C9B63B50063F91D /* NocOps.app */ = {isa = PBXFileReference; explicitFileType = wrapper.application; includeInIndex = 0; path = NocOps.app; sourceTree = BUILT_PRODUCTS_DIR; };
		CFD5C11E2C9B63B90063F91D /* NocOpsTests.xctest */ = {isa = PBXFileReference; explicitFileType = wrapper.cfbundle; includeInIndex = 0; path = NocOpsTests.xctest; sourceTree = BUILT_PRODUCTS_DIR; };
		CFD5C1282C9B63B90063F91D /* NocOpsUITests.xctest */ = {isa = PBXFileReference; explicitFileType = wrapper.cfbundle; includeInIndex = 0; path = NocOpsUITests.xctest; sourceTree = BUILT_PRODUCTS_DIR; };
/* End PBXFileReference section */

/* Begin PBXFileSystemSynchronizedRootGroup section */
		CFD5C1102C9B63B50063F91D /* NocOps */ = {
			isa = PBXFileSystemSynchronizedRootGroup;
			path = NocOps;
			sourceTree = "<group>";
		};
		CFD5C1212C9B63B90063F91D /* NocOpsTests */ = {
			isa = PBXFileSystemSynchronizedRootGroup;
			path = NocOpsTests;
			sourceTree = "<group>";
		};
		CFD5C12B2C9B63B90063F91D /* NocOpsUITests */ = {
			isa = PBXFileSystemSynchronizedRootGroup;
			path = NocOpsUITests;
			sourceTree = "<group>";
		};
/* End PBXFileSystemSynchronizedRootGroup section */

/* Begin PBXFrameworksBuildPhase section */
		CFD5C10B2C9B63B50063F91D /* Frameworks */ = {
			isa = PBXFrameworksBuildPhase;
			buildActionMask = 2147483647;
			files = (
				CFA9EC712CE6CDA600C867CD /* Sahha in Frameworks */,
			);
			runOnlyForDeploymentPostprocessing = 0;
		};
		CFD5C11B2C9B63B90063F91D /* Frameworks */ = {
			isa = PBXFrameworksBuildPhase;
			buildActionMask = 2147483647;
			files = (
			);
			runOnlyForDeploymentPostprocessing = 0;
		};
		CFD5C1252C9B63B90063F91D /* Frameworks */ = {
			isa = PBXFrameworksBuildPhase;
			buildActionMask = 2147483647;
			files = (
			);
			runOnlyForDeploymentPostprocessing = 0;
		};
/* End PBXFrameworksBuildPhase section */

/* Begin PBXGroup section */
		CFD5C1052C9B63B50063F91D = {
			isa = PBXGroup;
			children = (
				CFD5C1102C9B63B50063F91D /* NocOps */,
				CFD5C1212C9B63B90063F91D /* NocOpsTests */,
				CFD5C12B2C9B63B90063F91D /* NocOpsUITests */,
				CFD5C10F2C9B63B50063F91D /* Products */,
			);
			sourceTree = "<group>";
		};
		CFD5C10F2C9B63B50063F91D /* Products */ = {
			isa = PBXGroup;
			children = (
				CFD5C10E2C9B63B50063F91D /* NocOps.app */,
				CFD5C11E2C9B63B90063F91D /* NocOpsTests.xctest */,
				CFD5C1282C9B63B90063F91D /* NocOpsUITests.xctest */,
			);
			name = Products;
			sourceTree = "<group>";
		};
/* End PBXGroup section */

/* Begin PBXNativeTarget section */
		CFD5C10D2C9B63B50063F91D /* NocOps */ = {
			isa = PBXNativeTarget;
			buildConfigurationList = CFD5C1322C9B63B90063F91D /* Build configuration list for PBXNativeTarget "NocOps" */;
			buildPhases = (
				CFD5C10A2C9B63B50063F91D /* Sources */,
				CFD5C10B2C9B63B50063F91D /* Frameworks */,
				CFD5C10C2C9B63B50063F91D /* Resources */,
			);
			buildRules = (
			);
			dependencies = (
			);
			fileSystemSynchronizedGroups = (
				CFD5C1102C9B63B50063F91D /* NocOps */,
			);
			name = NocOps;
			packageProductDependencies = (
				CFA9EC702CE6CDA600C867CD /* Sahha */,
			);
			productName = NocOps;
			productReference = CFD5C10E2C9B63B50063F91D /* NocOps.app */;
			productType = "com.apple.product-type.application";
		};
		CFD5C11D2C9B63B90063F91D /* NocOpsTests */ = {
			isa = PBXNativeTarget;
			buildConfigurationList = CFD5C1352C9B63B90063F91D /* Build configuration list for PBXNativeTarget "NocOpsTests" */;
			buildPhases = (
				CFD5C11A2C9B63B90063F91D /* Sources */,
				CFD5C11B2C9B63B90063F91D /* Frameworks */,
				CFD5C11C2C9B63B90063F91D /* Resources */,
			);
			buildRules = (
			);
			dependencies = (
				CFD5C1202C9B63B90063F91D /* PBXTargetDependency */,
			);
			fileSystemSynchronizedGroups = (
				CFD5C1212C9B63B90063F91D /* NocOpsTests */,
			);
			name = NocOpsTests;
			packageProductDependencies = (
			);
			productName = NocOpsTests;
			productReference = CFD5C11E2C9B63B90063F91D /* NocOpsTests.xctest */;
			productType = "com.apple.product-type.bundle.unit-test";
		};
		CFD5C1272C9B63B90063F91D /* NocOpsUITests */ = {
			isa = PBXNativeTarget;
			buildConfigurationList = CFD5C1382C9B63B90063F91D /* Build configuration list for PBXNativeTarget "NocOpsUITests" */;
			buildPhases = (
				CFD5C1242C9B63B90063F91D /* Sources */,
				CFD5C1252C9B63B90063F91D /* Frameworks */,
				CFD5C1262C9B63B90063F91D /* Resources */,
			);
			buildRules = (
			);
			dependencies = (
				CFD5C12A2C9B63B90063F91D /* PBXTargetDependency */,
			);
			fileSystemSynchronizedGroups = (
				CFD5C12B2C9B63B90063F91D /* NocOpsUITests */,
			);
			name = NocOpsUITests;
			packageProductDependencies = (
			);
			productName = NocOpsUITests;
			productReference = CFD5C1282C9B63B90063F91D /* NocOpsUITests.xctest */;
			productType = "com.apple.product-type.bundle.ui-testing";
		};
/* End PBXNativeTarget section */

/* Begin PBXProject section */
		CFD5C1062C9B63B50063F91D /* Project object */ = {
			isa = PBXProject;
			attributes = {
				BuildIndependentTargetsInParallel = 1;
				LastSwiftUpdateCheck = 1600;
				LastUpgradeCheck = 1600;
				TargetAttributes = {
					CFD5C10D2C9B63B50063F91D = {
						CreatedOnToolsVersion = 16.0;
					};
					CFD5C11D2C9B63B90063F91D = {
						CreatedOnToolsVersion = 16.0;
						TestTargetID = CFD5C10D2C9B63B50063F91D;
					};
					CFD5C1272C9B63B90063F91D = {
						CreatedOnToolsVersion = 16.0;
						TestTargetID = CFD5C10D2C9B63B50063F91D;
					};
				};
			};
			buildConfigurationList = CFD5C1092C9B63B50063F91D /* Build configuration list for PBXProject "NocOps" */;
			developmentRegion = en;
			hasScannedForEncodings = 0;
			knownRegions = (
				en,
				Base,
			);
			mainGroup = CFD5C1052C9B63B50063F91D;
			minimizedProjectReferenceProxies = 1;
			packageReferences = (
				CFA9EC6F2CE6CDA600C867CD /* XCRemoteSwiftPackageReference "sahha-swift" */,
			);
			preferredProjectObjectVersion = 77;
			productRefGroup = CFD5C10F2C9B63B50063F91D /* Products */;
			projectDirPath = "";
			projectRoot = "";
			targets = (
				CFD5C10D2C9B63B50063F91D /* NocOps */,
				CFD5C11D2C9B63B90063F91D /* NocOpsTests */,
				CFD5C1272C9B63B90063F91D /* NocOpsUITests */,
			);
		};
/* End PBXProject section */

/* Begin PBXResourcesBuildPhase section */
		CFD5C10C2C9B63B50063F91D /* Resources */ = {
			isa = PBXResourcesBuildPhase;
			buildActionMask = 2147483647;
			files = (
			);
			runOnlyForDeploymentPostprocessing = 0;
		};
		CFD5C11C2C9B63B90063F91D /* Resources */ = {
			isa = PBXResourcesBuildPhase;
			buildActionMask = 2147483647;
			files = (
			);
			runOnlyForDeploymentPostprocessing = 0;
		};
		CFD5C1262C9B63B90063F91D /* Resources */ = {
			isa = PBXResourcesBuildPhase;
			buildActionMask = 2147483647;
			files = (
			);
			runOnlyForDeploymentPostprocessing = 0;
		};
/* End PBXResourcesBuildPhase section */

/* Begin PBXSourcesBuildPhase section */
		CFD5C10A2C9B63B50063F91D /* Sources */ = {
			isa = PBXSourcesBuildPhase;
			buildActionMask = 2147483647;
			files = (
			);
			runOnlyForDeploymentPostprocessing = 0;
		};
		CFD5C11A2C9B63B90063F91D /* Sources */ = {
			isa = PBXSourcesBuildPhase;
			buildActionMask = 2147483647;
			files = (
			);
			runOnlyForDeploymentPostprocessing = 0;
		};
		CFD5C1242C9B63B90063F91D /* Sources */ = {
			isa = PBXSourcesBuildPhase;
			buildActionMask = 2147483647;
			files = (
			);
			runOnlyForDeploymentPostprocessing = 0;
		};
/* End PBXSourcesBuildPhase section */

/* Begin PBXTargetDependency section */
		CFD5C1202C9B63B90063F91D /* PBXTargetDependency */ = {
			isa = PBXTargetDependency;
			target = CFD5C10D2C9B63B50063F91D /* NocOps */;
			targetProxy = CFD5C11F2C9B63B90063F91D /* PBXContainerItemProxy */;
		};
		CFD5C12A2C9B63B90063F91D /* PBXTargetDependency */ = {
			isa = PBXTargetDependency;
			target = CFD5C10D2C9B63B50063F91D /* NocOps */;
			targetProxy = CFD5C1292C9B63B90063F91D /* PBXContainerItemProxy */;
		};
/* End PBXTargetDependency section */

/* Begin XCBuildConfiguration section */
		CFD5C1302C9B63B90063F91D /* Debug */ = {
			isa = XCBuildConfiguration;
			buildSettings = {
				ALWAYS_SEARCH_USER_PATHS = NO;
				ASSETCATALOG_COMPILER_GENERATE_SWIFT_ASSET_SYMBOL_EXTENSIONS = YES;
				CLANG_ANALYZER_NONNULL = YES;
				CLANG_ANALYZER_NUMBER_OBJECT_CONVERSION = YES_AGGRESSIVE;
				CLANG_CXX_LANGUAGE_STANDARD = "gnu++20";
				CLANG_ENABLE_MODULES = YES;
				CLANG_ENABLE_OBJC_ARC = YES;
				CLANG_ENABLE_OBJC_WEAK = YES;
				CLANG_WARN_BLOCK_CAPTURE_AUTORELEASING = YES;
				CLANG_WARN_BOOL_CONVERSION = YES;
				CLANG_WARN_COMMA = YES;
				CLANG_WARN_CONSTANT_CONVERSION = YES;
				CLANG_WARN_DEPRECATED_OBJC_IMPLEMENTATIONS = YES;
				CLANG_WARN_DIRECT_OBJC_ISA_USAGE = YES_ERROR;
				CLANG_WARN_DOCUMENTATION_COMMENTS = YES;
				CLANG_WARN_EMPTY_BODY = YES;
				CLANG_WARN_ENUM_CONVERSION = YES;
				CLANG_WARN_INFINITE_RECURSION = YES;
				CLANG_WARN_INT_CONVERSION = YES;
				CLANG_WARN_NON_LITERAL_NULL_CONVERSION = YES;
				CLANG_WARN_OBJC_IMPLICIT_RETAIN_SELF = YES;
				CLANG_WARN_OBJC_LITERAL_CONVERSION = YES;
				CLANG_WARN_OBJC_ROOT_CLASS = YES_ERROR;
				CLANG_WARN_QUOTED_INCLUDE_IN_FRAMEWORK_HEADER = YES;
				CLANG_WARN_RANGE_LOOP_ANALYSIS = YES;
				CLANG_WARN_STRICT_PROTOTYPES = YES;
				CLANG_WARN_SUSPICIOUS_MOVE = YES;
				CLANG_WARN_UNGUARDED_AVAILABILITY = YES_AGGRESSIVE;
				CLANG_WARN_UNREACHABLE_CODE = YES;
				CLANG_WARN__DUPLICATE_METHOD_MATCH = YES;
				COPY_PHASE_STRIP = NO;
				DEBUG_INFORMATION_FORMAT = dwarf;
				ENABLE_STRICT_OBJC_MSGSEND = YES;
				ENABLE_TESTABILITY = YES;
				ENABLE_USER_SCRIPT_SANDBOXING = YES;
				GCC_C_LANGUAGE_STANDARD = gnu17;
				GCC_DYNAMIC_NO_PIC = NO;
				GCC_NO_COMMON_BLOCKS = YES;
				GCC_OPTIMIZATION_LEVEL = 0;
				GCC_PREPROCESSOR_DEFINITIONS = (
					"DEBUG=1",
					"$(inherited)",
				);
				GCC_WARN_64_TO_32_BIT_CONVERSION = YES;
				GCC_WARN_ABOUT_RETURN_TYPE = YES_ERROR;
				GCC_WARN_UNDECLARED_SELECTOR = YES;
				GCC_WARN_UNINITIALIZED_AUTOS = YES_AGGRESSIVE;
				GCC_WARN_UNUSED_FUNCTION = YES;
				GCC_WARN_UNUSED_VARIABLE = YES;
				IPHONEOS_DEPLOYMENT_TARGET = 18.0;
				LOCALIZATION_PREFERS_STRING_CATALOGS = YES;
				MTL_ENABLE_DEBUG_INFO = INCLUDE_SOURCE;
				MTL_FAST_MATH = YES;
				ONLY_ACTIVE_ARCH = YES;
				SDKROOT = iphoneos;
				SWIFT_ACTIVE_COMPILATION_CONDITIONS = "DEBUG $(inherited)";
				SWIFT_OPTIMIZATION_LEVEL = "-Onone";
			};
			name = Debug;
		};
		CFD5C1312C9B63B90063F91D /* Release */ = {
			isa = XCBuildConfiguration;
			buildSettings = {
				ALWAYS_SEARCH_USER_PATHS = NO;
				ASSETCATALOG_COMPILER_GENERATE_SWIFT_ASSET_SYMBOL_EXTENSIONS = YES;
				CLANG_ANALYZER_NONNULL = YES;
				CLANG_ANALYZER_NUMBER_OBJECT_CONVERSION = YES_AGGRESSIVE;
				CLANG_CXX_LANGUAGE_STANDARD = "gnu++20";
				CLANG_ENABLE_MODULES = YES;
				CLANG_ENABLE_OBJC_ARC = YES;
				CLANG_ENABLE_OBJC_WEAK = YES;
				CLANG_WARN_BLOCK_CAPTURE_AUTORELEASING = YES;
				CLANG_WARN_BOOL_CONVERSION = YES;
				CLANG_WARN_COMMA = YES;
				CLANG_WARN_CONSTANT_CONVERSION = YES;
				CLANG_WARN_DEPRECATED_OBJC_IMPLEMENTATIONS = YES;
				CLANG_WARN_DIRECT_OBJC_ISA_USAGE = YES_ERROR;
				CLANG_WARN_DOCUMENTATION_COMMENTS = YES;
				CLANG_WARN_EMPTY_BODY = YES;
				CLANG_WARN_ENUM_CONVERSION = YES;
				CLANG_WARN_INFINITE_RECURSION = YES;
				CLANG_WARN_INT_CONVERSION = YES;
				CLANG_WARN_NON_LITERAL_NULL_CONVERSION = YES;
				CLANG_WARN_OBJC_IMPLICIT_RETAIN_SELF = YES;
				CLANG_WARN_OBJC_LITERAL_CONVERSION = YES;
				CLANG_WARN_OBJC_ROOT_CLASS = YES_ERROR;
				CLANG_WARN_QUOTED_INCLUDE_IN_FRAMEWORK_HEADER = YES;
				CLANG_WARN_RANGE_LOOP_ANALYSIS = YES;
				CLANG_WARN_STRICT_PROTOTYPES = YES;
				CLANG_WARN_SUSPICIOUS_MOVE = YES;
				CLANG_WARN_UNGUARDED_AVAILABILITY = YES_AGGRESSIVE;
				CLANG_WARN_UNREACHABLE_CODE = YES;
				CLANG_WARN__DUPLICATE_METHOD_MATCH = YES;
				COPY_PHASE_STRIP = NO;
				DEBUG_INFORMATION_FORMAT = "dwarf-with-dsym";
				ENABLE_NS_ASSERTIONS = NO;
				ENABLE_STRICT_OBJC_MSGSEND = YES;
				ENABLE_USER_SCRIPT_SANDBOXING = YES;
				GCC_C_LANGUAGE_STANDARD = gnu17;
				GCC_NO_COMMON_BLOCKS = YES;
				GCC_WARN_64_TO_32_BIT_CONVERSION = YES;
				GCC_WARN_ABOUT_RETURN_TYPE = YES_ERROR;
				GCC_WARN_UNDECLARED_SELECTOR = YES;
				GCC_WARN_UNINITIALIZED_AUTOS = YES_AGGRESSIVE;
				GCC_WARN_UNUSED_FUNCTION = YES;
				GCC_WARN_UNUSED_VARIABLE = YES;
				IPHONEOS_DEPLOYMENT_TARGET = 18.0;
				LOCALIZATION_PREFERS_STRING_CATALOGS = YES;
				MTL_ENABLE_DEBUG_INFO = NO;
				MTL_FAST_MATH = YES;
				SDKROOT = iphoneos;
				SWIFT_COMPILATION_MODE = wholemodule;
				VALIDATE_PRODUCT = YES;
			};
			name = Release;
		};
		CFD5C1332C9B63B90063F91D /* Debug */ = {
			isa = XCBuildConfiguration;
			buildSettings = {
				ASSETCATALOG_COMPILER_APPICON_NAME = AppIcon;
				ASSETCATALOG_COMPILER_GLOBAL_ACCENT_COLOR_NAME = AccentColor;
				CODE_SIGN_ENTITLEMENTS = NocOps/NocOps.entitlements;
				CODE_SIGN_STYLE = Automatic;
				CURRENT_PROJECT_VERSION = 1;
				DEVELOPMENT_ASSET_PATHS = "\"NocOps/Preview Content\"";
				DEVELOPMENT_TEAM = 63FP88CY6G;
				ENABLE_PREVIEWS = YES;
				GENERATE_INFOPLIST_FILE = YES;
				INFOPLIST_FILE = "";
				INFOPLIST_KEY_NSHealthShareUsageDescription = "This app and Sahha needs access to your Health data to track your sleep and biometrics.";
				INFOPLIST_KEY_NSHealthUpdateUsageDescription = "This app needs permission to update your Health data for tracking purposes.";
				INFOPLIST_KEY_UIApplicationSceneManifest_Generation = YES;
				INFOPLIST_KEY_UIApplicationSupportsIndirectInputEvents = YES;
				INFOPLIST_KEY_UILaunchScreen_Generation = YES;
				INFOPLIST_KEY_UIStatusBarStyle = "";
				INFOPLIST_KEY_UISupportedInterfaceOrientations_iPad = "UIInterfaceOrientationPortrait UIInterfaceOrientationPortraitUpsideDown UIInterfaceOrientationLandscapeLeft UIInterfaceOrientationLandscapeRight";
				INFOPLIST_KEY_UISupportedInterfaceOrientations_iPhone = "UIInterfaceOrientationPortrait UIInterfaceOrientationLandscapeLeft UIInterfaceOrientationLandscapeRight";
				IPHONEOS_DEPLOYMENT_TARGET = 17.6;
				LD_RUNPATH_SEARCH_PATHS = (
					"$(inherited)",
					"@executable_path/Frameworks",
				);
				MARKETING_VERSION = 1.0;
				PRODUCT_BUNDLE_IDENTIFIER = oxy.NocOps;
				PRODUCT_NAME = "$(TARGET_NAME)";
				SWIFT_EMIT_LOC_STRINGS = YES;
				SWIFT_VERSION = 5.0;
				TARGETED_DEVICE_FAMILY = "1,2";
			};
			name = Debug;
		};
		CFD5C1342C9B63B90063F91D /* Release */ = {
			isa = XCBuildConfiguration;
			buildSettings = {
				ASSETCATALOG_COMPILER_APPICON_NAME = AppIcon;
				ASSETCATALOG_COMPILER_GLOBAL_ACCENT_COLOR_NAME = AccentColor;
				CODE_SIGN_ENTITLEMENTS = NocOps/NocOps.entitlements;
				CODE_SIGN_STYLE = Automatic;
				CURRENT_PROJECT_VERSION = 1;
				DEVELOPMENT_ASSET_PATHS = "\"NocOps/Preview Content\"";
				DEVELOPMENT_TEAM = 63FP88CY6G;
				ENABLE_PREVIEWS = YES;
				GENERATE_INFOPLIST_FILE = YES;
				INFOPLIST_FILE = "";
				INFOPLIST_KEY_NSHealthShareUsageDescription = "This app and Sahha needs access to your Health data to track your sleep and biometrics.";
				INFOPLIST_KEY_NSHealthUpdateUsageDescription = "This app needs permission to update your Health data for tracking purposes.";
				INFOPLIST_KEY_UIApplicationSceneManifest_Generation = YES;
				INFOPLIST_KEY_UIApplicationSupportsIndirectInputEvents = YES;
				INFOPLIST_KEY_UILaunchScreen_Generation = YES;
				INFOPLIST_KEY_UIStatusBarStyle = "";
				INFOPLIST_KEY_UISupportedInterfaceOrientations_iPad = "UIInterfaceOrientationPortrait UIInterfaceOrientationPortraitUpsideDown UIInterfaceOrientationLandscapeLeft UIInterfaceOrientationLandscapeRight";
				INFOPLIST_KEY_UISupportedInterfaceOrientations_iPhone = "UIInterfaceOrientationPortrait UIInterfaceOrientationLandscapeLeft UIInterfaceOrientationLandscapeRight";
				IPHONEOS_DEPLOYMENT_TARGET = 17.6;
				LD_RUNPATH_SEARCH_PATHS = (
					"$(inherited)",
					"@executable_path/Frameworks",
				);
				MARKETING_VERSION = 1.0;
				PRODUCT_BUNDLE_IDENTIFIER = oxy.NocOps;
				PRODUCT_NAME = "$(TARGET_NAME)";
				SWIFT_EMIT_LOC_STRINGS = YES;
				SWIFT_VERSION = 5.0;
				TARGETED_DEVICE_FAMILY = "1,2";
			};
			name = Release;
		};
		CFD5C1362C9B63B90063F91D /* Debug */ = {
			isa = XCBuildConfiguration;
			buildSettings = {
				BUNDLE_LOADER = "$(TEST_HOST)";
				CODE_SIGN_STYLE = Automatic;
				CURRENT_PROJECT_VERSION = 1;
				GENERATE_INFOPLIST_FILE = YES;
				IPHONEOS_DEPLOYMENT_TARGET = 18.0;
				MARKETING_VERSION = 1.0;
				PRODUCT_BUNDLE_IDENTIFIER = oxy.NocOpsTests;
				PRODUCT_NAME = "$(TARGET_NAME)";
				SWIFT_EMIT_LOC_STRINGS = NO;
				SWIFT_VERSION = 5.0;
				TARGETED_DEVICE_FAMILY = "1,2";
				TEST_HOST = "$(BUILT_PRODUCTS_DIR)/NocOps.app/$(BUNDLE_EXECUTABLE_FOLDER_PATH)/NocOps";
			};
			name = Debug;
		};
		CFD5C1372C9B63B90063F91D /* Release */ = {
			isa = XCBuildConfiguration;
			buildSettings = {
				BUNDLE_LOADER = "$(TEST_HOST)";
				CODE_SIGN_STYLE = Automatic;
				CURRENT_PROJECT_VERSION = 1;
				GENERATE_INFOPLIST_FILE = YES;
				IPHONEOS_DEPLOYMENT_TARGET = 18.0;
				MARKETING_VERSION = 1.0;
				PRODUCT_BUNDLE_IDENTIFIER = oxy.NocOpsTests;
				PRODUCT_NAME = "$(TARGET_NAME)";
				SWIFT_EMIT_LOC_STRINGS = NO;
				SWIFT_VERSION = 5.0;
				TARGETED_DEVICE_FAMILY = "1,2";
				TEST_HOST = "$(BUILT_PRODUCTS_DIR)/NocOps.app/$(BUNDLE_EXECUTABLE_FOLDER_PATH)/NocOps";
			};
			name = Release;
		};
		CFD5C1392C9B63B90063F91D /* Debug */ = {
			isa = XCBuildConfiguration;
			buildSettings = {
				CODE_SIGN_STYLE = Automatic;
				CURRENT_PROJECT_VERSION = 1;
				GENERATE_INFOPLIST_FILE = YES;
				MARKETING_VERSION = 1.0;
				PRODUCT_BUNDLE_IDENTIFIER = oxy.NocOpsUITests;
				PRODUCT_NAME = "$(TARGET_NAME)";
				SWIFT_EMIT_LOC_STRINGS = NO;
				SWIFT_VERSION = 5.0;
				TARGETED_DEVICE_FAMILY = "1,2";
				TEST_TARGET_NAME = NocOps;
			};
			name = Debug;
		};
		CFD5C13A2C9B63B90063F91D /* Release */ = {
			isa = XCBuildConfiguration;
			buildSettings = {
				CODE_SIGN_STYLE = Automatic;
				CURRENT_PROJECT_VERSION = 1;
				GENERATE_INFOPLIST_FILE = YES;
				MARKETING_VERSION = 1.0;
				PRODUCT_BUNDLE_IDENTIFIER = oxy.NocOpsUITests;
				PRODUCT_NAME = "$(TARGET_NAME)";
				SWIFT_EMIT_LOC_STRINGS = NO;
				SWIFT_VERSION = 5.0;
				TARGETED_DEVICE_FAMILY = "1,2";
				TEST_TARGET_NAME = NocOps;
			};
			name = Release;
		};
/* End XCBuildConfiguration section */

/* Begin XCConfigurationList section */
		CFD5C1092C9B63B50063F91D /* Build configuration list for PBXProject "NocOps" */ = {
			isa = XCConfigurationList;
			buildConfigurations = (
				CFD5C1302C9B63B90063F91D /* Debug */,
				CFD5C1312C9B63B90063F91D /* Release */,
			);
			defaultConfigurationIsVisible = 0;
			defaultConfigurationName = Release;
		};
		CFD5C1322C9B63B90063F91D /* Build configuration list for PBXNativeTarget "NocOps" */ = {
			isa = XCConfigurationList;
			buildConfigurations = (
				CFD5C1332C9B63B90063F91D /* Debug */,
				CFD5C1342C9B63B90063F91D /* Release */,
			);
			defaultConfigurationIsVisible = 0;
			defaultConfigurationName = Release;
		};
		CFD5C1352C9B63B90063F91D /* Build configuration list for PBXNativeTarget "NocOpsTests" */ = {
			isa = XCConfigurationList;
			buildConfigurations = (
				CFD5C1362C9B63B90063F91D /* Debug */,
				CFD5C1372C9B63B90063F91D /* Release */,
			);
			defaultConfigurationIsVisible = 0;
			defaultConfigurationName = Release;
		};
		CFD5C1382C9B63B90063F91D /* Build configuration list for PBXNativeTarget "NocOpsUITests" */ = {
			isa = XCConfigurationList;
			buildConfigurations = (
				CFD5C1392C9B63B90063F91D /* Debug */,
				CFD5C13A2C9B63B90063F91D /* Release */,
			);
			defaultConfigurationIsVisible = 0;
			defaultConfigurationName = Release;
		};
/* End XCConfigurationList section */

/* Begin XCRemoteSwiftPackageReference section */
		CFA9EC6F2CE6CDA600C867CD /* XCRemoteSwiftPackageReference "sahha-swift" */ = {
			isa = XCRemoteSwiftPackageReference;
			repositoryURL = "https://github.com/sahha-ai/sahha-swift";
			requirement = {
				kind = upToNextMajorVersion;
				minimumVersion = 1.0.0;
			};
		};
/* End XCRemoteSwiftPackageReference section */

/* Begin XCSwiftPackageProductDependency section */
		CFA9EC702CE6CDA600C867CD /* Sahha */ = {
			isa = XCSwiftPackageProductDependency;
			package = CFA9EC6F2CE6CDA600C867CD /* XCRemoteSwiftPackageReference "sahha-swift" */;
			productName = Sahha;
		};
/* End XCSwiftPackageProductDependency section */
	};
	rootObject = CFD5C1062C9B63B50063F91D /* Project object */;
}
