{
  "originHash" : "b9ae30cbd3a9b60bbebee05964e2d370cbc28e8621e7cece95e16ba9351ec184",
  "pins" : [
    {
      "identity" : "sahha-swift",
      "kind" : "remoteSourceControl",
      "location" : "https://github.com/sahha-ai/sahha-swift",
      "state" : {
        "revision" : "426c9fe20a37d334c2c0d876a2d4db911001ab70",
        "version" : "1.0.0"
      }
    }
  ],
  "version" : 3
}
